Microsoft Visual Studio Solution File, Format Version 11.00
# Visual Studio 2008

Project("{57490990-35F1-37FD-A57F-2784699BF1C5}") = "Yang3", "Assembly-CSharp-firstpass.csproj", "{848C03B2-73FF-2537-2D08-9B769D0A7AC5}"
EndProject
Project("{57490990-35F1-37FD-A57F-2784699BF1C5}") = "Yang3", "Assembly-CSharp.csproj", "{A30F0C82-F892-67B8-705F-6A45670A590F}"
EndProject
Project("{57490990-35F1-37FD-A57F-2784699BF1C5}") = "Yang3", "Assembly-CSharp-Editor.csproj", "{C447159E-387B-ECA0-434F-67DC01AA257C}"
EndProject
Global
	GlobalSection(SolutionConfigurationPlatforms) = preSolution
		Debug|Any CPU = Debug|Any CPU
		Release|Any CPU = Release|Any CPU
	EndGlobalSection
	GlobalSection(ProjectConfigurationPlatforms) = postSolution
		{848C03B2-73FF-2537-2D08-9B769D0A7AC5}.Debug|Any CPU.ActiveCfg = Debug|Any CPU
		{848C03B2-73FF-2537-2D08-9B769D0A7AC5}.Debug|Any CPU.Build.0 = Debug|Any CPU
		{848C03B2-73FF-2537-2D08-9B769D0A7AC5}.Release|Any CPU.ActiveCfg = Release|Any CPU
		{848C03B2-73FF-2537-2D08-9B769D0A7AC5}.Release|Any CPU.Build.0 = Release|Any CPU
		{A30F0C82-F892-67B8-705F-6A45670A590F}.Debug|Any CPU.ActiveCfg = Debug|Any CPU
		{A30F0C82-F892-67B8-705F-6A45670A590F}.Debug|Any CPU.Build.0 = Debug|Any CPU
		{A30F0C82-F892-67B8-705F-6A45670A590F}.Release|Any CPU.ActiveCfg = Release|Any CPU
		{A30F0C82-F892-67B8-705F-6A45670A590F}.Release|Any CPU.Build.0 = Release|Any CPU
		{C447159E-387B-ECA0-434F-67DC01AA257C}.Debug|Any CPU.ActiveCfg = Debug|Any CPU
		{C447159E-387B-ECA0-434F-67DC01AA257C}.Debug|Any CPU.Build.0 = Debug|Any CPU
		{C447159E-387B-ECA0-434F-67DC01AA257C}.Release|Any CPU.ActiveCfg = Release|Any CPU
		{C447159E-387B-ECA0-434F-67DC01AA257C}.Release|Any CPU.Build.0 = Release|Any CPU
	EndGlobalSection
	GlobalSection(SolutionProperties) = preSolution
		HideSolutionNode = FALSE
	EndGlobalSection
															GlobalSection(MonoDevelopProperties) = preSolution
		StartupItem = Assembly-CSharp.csproj
		Policies = $0
		$0.TextStylePolicy = $1
		$1.inheritsSet = null
		$1.scope = text/x-csharp
		$0.CSharpFormattingPolicy = $2
		$2.inheritsSet = Mono
		$2.inheritsScope = text/x-csharp
		$2.scope = text/x-csharp
		$0.TextStylePolicy = $3
		$3.FileWidth = 120
		$3.TabWidth = 4
		$3.EolMarker = Unix
		$3.inheritsSet = Mono
		$3.inheritsScope = text/plain
		$3.scope = text/plain
	EndGlobalSection

EndGlobal
